// !$*UTF8*$!
{
	archiveVersion = 1;
	classes = {
	};
	objectVersion = 46;
	objects = {

/* Begin PBXBuildFile section */
		043C8EBE1D45EC80000991A7 /* main.m in Sources */ = {isa = PBXBuildFile; fileRef = 043C8EBD1D45EC80000991A7 /* main.m */; };
		043C8EC11D45EC80000991A7 /* AppDelegate.m in Sources */ = {isa = PBXBuildFile; fileRef = 043C8EC01D45EC80000991A7 /* AppDelegate.m */; };
		043C8EC41D45EC80000991A7 /* ViewController.m in Sources */ = {isa = PBXBuildFile; fileRef = 043C8EC31D45EC80000991A7 /* ViewController.m */; };
		043C8EC71D45EC80000991A7 /* Main.storyboard in Resources */ = {isa = PBXBuildFile; fileRef = 043C8EC51D45EC80000991A7 /* Main.storyboard */; };
		043C8ECA1D45EC80000991A7 /* IT008Github.xcdatamodeld in Sources */ = {isa = PBXBuildFile; fileRef = 043C8EC81D45EC80000991A7 /* IT008Github.xcdatamodeld */; };
		043C8ECC1D45EC80000991A7 /* Assets.xcassets in Resources */ = {isa = PBXBuildFile; fileRef = 043C8ECB1D45EC80000991A7 /* Assets.xcassets */; };
		043C8ECF1D45EC80000991A7 /* LaunchScreen.storyboard in Resources */ = {isa = PBXBuildFile; fileRef = 043C8ECD1D45EC80000991A7 /* LaunchScreen.storyboard */; };
/* End PBXBuildFile section */

/* Begin PBXFileReference section */
		043C8EB91D45EC80000991A7 /* IT008Github.app */ = {isa = PBXFileReference; explicitFileType = wrapper.application; includeInIndex = 0; path = IT008Github.app; sourceTree = BUILT_PRODUCTS_DIR; };
		043C8EBD1D45EC80000991A7 /* main.m */ = {isa = PBXFileReference; lastKnownFileType = sourcecode.c.objc; path = main.m; sourceTree = "<group>"; };
		043C8EBF1D45EC80000991A7 /* AppDelegate.h */ = {isa = PBXFileReference; lastKnownFileType = sourcecode.c.h; path = AppDelegate.h; sourceTree = "<group>"; };
		043C8EC01D45EC80000991A7 /* AppDelegate.m */ = {isa = PBXFileReference; lastKnownFileType = sourcecode.c.objc; path = AppDelegate.m; sourceTree = "<group>"; };
		043C8EC21D45EC80000991A7 /* ViewController.h */ = {isa = PBXFileReference; lastKnownFileType = sourcecode.c.h; path = ViewController.h; sourceTree = "<group>"; };
		043C8EC31D45EC80000991A7 /* ViewController.m */ = {isa = PBXFileReference; lastKnownFileType = sourcecode.c.objc; path = ViewController.m; sourceTree = "<group>"; };
		043C8EC61D45EC80000991A7 /* Base */ = {isa = PBXFileReference; lastKnownFileType = file.storyboard; name = Base; path = Base.lproj/Main.storyboard; sourceTree = "<group>"; };
		043C8EC91D45EC80000991A7 /* IT008Github.xcdatamodel */ = {isa = PBXFileReference; lastKnownFileType = wrapper.xcdatamodel; path = IT008Github.xcdatamodel; sourceTree = "<group>"; };
		043C8ECB1D45EC80000991A7 /* Assets.xcassets */ = {isa = PBXFileReference; lastKnownFileType = folder.assetcatalog; path = Assets.xcassets; sourceTree = "<group>"; };
		043C8ECE1D45EC80000991A7 /* Base */ = {isa = PBXFileReference; lastKnownFileType = file.storyboard; name = Base; path = Base.lproj/LaunchScreen.storyboard; sourceTree = "<group>"; };
		043C8ED01D45EC80000991A7 /* Info.plist */ = {isa = PBXFileReference; lastKnownFileType = text.plist.xml; path = Info.plist; sourceTree = "<group>"; };
/* End PBXFileReference section */

/* Begin PBXFrameworksBuildPhase section */
		043C8EB61D45EC80000991A7 /* Frameworks */ = {
			isa = PBXFrameworksBuildPhase;
			buildActionMask = 2147483647;
			files = (
			);
			runOnlyForDeploymentPostprocessing = 0;
		};
/* End PBXFrameworksBuildPhase section */

/* Begin PBXGroup section */
		043C8EB01D45EC80000991A7 = {
			isa = PBXGroup;
			children = (
				043C8EBB1D45EC80000991A7 /* IT008Github */,
				043C8EBA1D45EC80000991A7 /* Products */,
			);
			sourceTree = "<group>";
		};
		043C8EBA1D45EC80000991A7 /* Products */ = {
			isa = PBXGroup;
			children = (
				043C8EB91D45EC80000991A7 /* IT008Github.app */,
			);
			name = Products;
			sourceTree = "<group>";
		};
		043C8EBB1D45EC80000991A7 /* IT008Github */ = {
			isa = PBXGroup;
			children = (
				043C8EBF1D45EC80000991A7 /* AppDelegate.h */,
				043C8EC01D45EC80000991A7 /* AppDelegate.m */,
				043C8EC21D45EC80000991A7 /* ViewController.h */,
				043C8EC31D45EC80000991A7 /* ViewController.m */,
				043C8EC51D45EC80000991A7 /* Main.storyboard */,
				043C8ECB1D45EC80000991A7 /* Assets.xcassets */,
				043C8ECD1D45EC80000991A7 /* LaunchScreen.storyboard */,
				043C8ED01D45EC80000991A7 /* Info.plist */,
				043C8EC81D45EC80000991A7 /* IT008Github.xcdatamodeld */,
				043C8EBC1D45EC80000991A7 /* Supporting Files */,
			);
			path = IT008Github;
			sourceTree = "<group>";
		};
		043C8EBC1D45EC80000991A7 /* Supporting Files */ = {
			isa = PBXGroup;
			children = (
				043C8EBD1D45EC80000991A7 /* main.m */,
			);
			name = "Supporting Files";
			sourceTree = "<group>";
		};
/* End PBXGroup section */

/* Begin PBXNativeTarget section */
		043C8EB81D45EC80000991A7 /* IT008Github */ = {
			isa = PBXNativeTarget;
			buildConfigurationList = 043C8ED31D45EC80000991A7 /* Build configuration list for PBXNativeTarget "IT008Github" */;
			buildPhases = (
				043C8EB51D45EC80000991A7 /* Sources */,
				043C8EB61D45EC80000991A7 /* Frameworks */,
				043C8EB71D45EC80000991A7 /* Resources */,
			);
			buildRules = (
			);
			dependencies = (
			);
			name = IT008Github;
			productName = IT008Github;
			productReference = 043C8EB91D45EC80000991A7 /* IT008Github.app */;
			productType = "com.apple.product-type.application";
		};
/* End PBXNativeTarget section */

/* Begin PBXProject section */
		043C8EB11D45EC80000991A7 /* Project object */ = {
			isa = PBXProject;
			attributes = {
				LastUpgradeCheck = 0720;
				ORGANIZATIONNAME = Macol;
				TargetAttributes = {
					043C8EB81D45EC80000991A7 = {
						CreatedOnToolsVersion = 7.2;
					};
				};
			};
			buildConfigurationList = 043C8EB41D45EC80000991A7 /* Build configuration list for PBXProject "IT008Github" */;
			compatibilityVersion = "Xcode 3.2";
			developmentRegion = English;
			hasScannedForEncodings = 0;
			knownRegions = (
				en,
				Base,
			);
			mainGroup = 043C8EB01D45EC80000991A7;
			productRefGroup = 043C8EBA1D45EC80000991A7 /* Products */;
			projectDirPath = "";
			projectRoot = "";
			targets = (
				043C8EB81D45EC80000991A7 /* IT008Github */,
			);
		};
/* End PBXProject section */

/* Begin PBXResourcesBuildPhase section */
		043C8EB71D45EC80000991A7 /* Resources */ = {
			isa = PBXResourcesBuildPhase;
			buildActionMask = 2147483647;
			files = (
				043C8ECF1D45EC80000991A7 /* LaunchScreen.storyboard in Resources */,
				043C8ECC1D45EC80000991A7 /* Assets.xcassets in Resources */,
				043C8EC71D45EC80000991A7 /* Main.storyboard in Resources */,
			);
			runOnlyForDeploymentPostprocessing = 0;
		};
/* End PBXResourcesBuildPhase section */

/* Begin PBXSourcesBuildPhase section */
		043C8EB51D45EC80000991A7 /* Sources */ = {
			isa = PBXSourcesBuildPhase;
			buildActionMask = 2147483647;
			files = (
				043C8ECA1D45EC80000991A7 /* IT008Github.xcdatamodeld in Sources */,
				043C8EC41D45EC80000991A7 /* ViewController.m in Sources */,
				043C8EC11D45EC80000991A7 /* AppDelegate.m in Sources */,
				043C8EBE1D45EC80000991A7 /* main.m in Sources */,
			);
			runOnlyForDeploymentPostprocessing = 0;
		};
/* End PBXSourcesBuildPhase section */

/* Begin PBXVariantGroup section */
		043C8EC51D45EC80000991A7 /* Main.storyboard */ = {
			isa = PBXVariantGroup;
			children = (
				043C8EC61D45EC80000991A7 /* Base */,
			);
			name = Main.storyboard;
			sourceTree = "<group>";
		};
		043C8ECD1D45EC80000991A7 /* LaunchScreen.storyboard */ = {
			isa = PBXVariantGroup;
			children = (
				043C8ECE1D45EC80000991A7 /* Base */,
			);
			name = LaunchScreen.storyboard;
			sourceTree = "<group>";
		};
/* End PBXVariantGroup section */

/* Begin XCBuildConfiguration section */
		043C8ED11D45EC80000991A7 /* Debug */ = {
			isa = XCBuildConfiguration;
			buildSettings = {
				ALWAYS_SEARCH_USER_PATHS = NO;
				CLANG_CXX_LANGUAGE_STANDARD = "gnu++0x";
				CLANG_CXX_LIBRARY = "libc++";
				CLANG_ENABLE_MODULES = YES;
				CLANG_ENABLE_OBJC_ARC = YES;
				CLANG_WARN_BOOL_CONVERSION = YES;
				CLANG_WARN_CONSTANT_CONVERSION = YES;
				CLANG_WARN_DIRECT_OBJC_ISA_USAGE = YES_ERROR;
				CLANG_WARN_EMPTY_BODY = YES;
				CLANG_WARN_ENUM_CONVERSION = YES;
				CLANG_WARN_INT_CONVERSION = YES;
				CLANG_WARN_OBJC_ROOT_CLASS = YES_ERROR;
				CLANG_WARN_UNREACHABLE_CODE = YES;
				CLANG_WARN__DUPLICATE_METHOD_MATCH = YES;
				"CODE_SIGN_IDENTITY[sdk=iphoneos*]" = "iPhone Developer";
				COPY_PHASE_STRIP = NO;
				DEBUG_INFORMATION_FORMAT = dwarf;
				ENABLE_STRICT_OBJC_MSGSEND = YES;
				ENABLE_TESTABILITY = YES;
				GCC_C_LANGUAGE_STANDARD = gnu99;
				GCC_DYNAMIC_NO_PIC = NO;
				GCC_NO_COMMON_BLOCKS = YES;
				GCC_OPTIMIZATION_LEVEL = 0;
				GCC_PREPROCESSOR_DEFINITIONS = (
					"DEBUG=1",
					"$(inherited)",
				);
				GCC_WARN_64_TO_32_BIT_CONVERSION = YES;
				GCC_WARN_ABOUT_RETURN_TYPE = YES_ERROR;
				GCC_WARN_UNDECLARED_SELECTOR = YES;
				GCC_WARN_UNINITIALIZED_AUTOS = YES_AGGRESSIVE;
				GCC_WARN_UNUSED_FUNCTION = YES;
				GCC_WARN_UNUSED_VARIABLE = YES;
				IPHONEOS_DEPLOYMENT_TARGET = 9.2;
				MTL_ENABLE_DEBUG_INFO = YES;
				ONLY_ACTIVE_ARCH = YES;
				SDKROOT = iphoneos;
			};
			name = Debug;
		};
		043C8ED21D45EC80000991A7 /* Release */ = {
			isa = XCBuildConfiguration;
			buildSettings = {
				ALWAYS_SEARCH_USER_PATHS = NO;
				CLANG_CXX_LANGUAGE_STANDARD = "gnu++0x";
				CLANG_CXX_LIBRARY = "libc++";
				CLANG_ENABLE_MODULES = YES;
				CLANG_ENABLE_OBJC_ARC = YES;
				CLANG_WARN_BOOL_CONVERSION = YES;
				CLANG_WARN_CONSTANT_CONVERSION = YES;
				CLANG_WARN_DIRECT_OBJC_ISA_USAGE = YES_ERROR;
				CLANG_WARN_EMPTY_BODY = YES;
				CLANG_WARN_ENUM_CONVERSION = YES;
				CLANG_WARN_INT_CONVERSION = YES;
				CLANG_WARN_OBJC_ROOT_CLASS = YES_ERROR;
				CLANG_WARN_UNREACHABLE_CODE = YES;
				CLANG_WARN__DUPLICATE_METHOD_MATCH = YES;
				"CODE_SIGN_IDENTITY[sdk=iphoneos*]" = "iPhone Developer";
				COPY_PHASE_STRIP = NO;
				DEBUG_INFORMATION_FORMAT = "dwarf-with-dsym";
				ENABLE_NS_ASSERTIONS = NO;
				ENABLE_STRICT_OBJC_MSGSEND = YES;
				GCC_C_LANGUAGE_STANDARD = gnu99;
				GCC_NO_COMMON_BLOCKS = YES;
				GCC_WARN_64_TO_32_BIT_CONVERSION = YES;
				GCC_WARN_ABOUT_RETURN_TYPE = YES_ERROR;
				GCC_WARN_UNDECLARED_SELECTOR = YES;
				GCC_WARN_UNINITIALIZED_AUTOS = YES_AGGRESSIVE;
				GCC_WARN_UNUSED_FUNCTION = YES;
				GCC_WARN_UNUSED_VARIABLE = YES;
				IPHONEOS_DEPLOYMENT_TARGET = 9.2;
				MTL_ENABLE_DEBUG_INFO = NO;
				SDKROOT = iphoneos;
				VALIDATE_PRODUCT = YES;
			};
			name = Release;
		};
		043C8ED41D45EC80000991A7 /* Debug */ = {
			isa = XCBuildConfiguration;
			buildSettings = {
				ASSETCATALOG_COMPILER_APPICON_NAME = AppIcon;
				INFOPLIST_FILE = IT008Github/Info.plist;
				LD_RUNPATH_SEARCH_PATHS = "$(inherited) @executable_path/Frameworks";
				PRODUCT_BUNDLE_IDENTIFIER = Make.Jorn.IT008Github;
				PRODUCT_NAME = "$(TARGET_NAME)";
			};
			name = Debug;
		};
		043C8ED51D45EC80000991A7 /* Release */ = {
			isa = XCBuildConfiguration;
			buildSettings = {
				ASSETCATALOG_COMPILER_APPICON_NAME = AppIcon;
				INFOPLIST_FILE = IT008Github/Info.plist;
				LD_RUNPATH_SEARCH_PATHS = "$(inherited) @executable_path/Frameworks";
				PRODUCT_BUNDLE_IDENTIFIER = Make.Jorn.IT008Github;
				PRODUCT_NAME = "$(TARGET_NAME)";
			};
			name = Release;
		};
/* End XCBuildConfiguration section */

/* Begin XCConfigurationList section */
		043C8EB41D45EC80000991A7 /* Build configuration list for PBXProject "IT008Github" */ = {
			isa = XCConfigurationList;
			buildConfigurations = (
				043C8ED11D45EC80000991A7 /* Debug */,
				043C8ED21D45EC80000991A7 /* Release */,
			);
			defaultConfigurationIsVisible = 0;
			defaultConfigurationName = Release;
		};
		043C8ED31D45EC80000991A7 /* Build configuration list for PBXNativeTarget "IT008Github" */ = {
			isa = XCConfigurationList;
			buildConfigurations = (
				043C8ED41D45EC80000991A7 /* Debug */,
				043C8ED51D45EC80000991A7 /* Release */,
			);
			defaultConfigurationIsVisible = 0;
		};
/* End XCConfigurationList section */

/* Begin XCVersionGroup section */
		043C8EC81D45EC80000991A7 /* IT008Github.xcdatamodeld */ = {
			isa = XCVersionGroup;
			children = (
				043C8EC91D45EC80000991A7 /* IT008Github.xcdatamodel */,
			);
			currentVersion = 043C8EC91D45EC80000991A7 /* IT008Github.xcdatamodel */;
			path = IT008Github.xcdatamodeld;
			sourceTree = "<group>";
			versionGroupType = wrapper.xcdatamodel;
		};
/* End XCVersionGroup section */
	};
	rootObject = 043C8EB11D45EC80000991A7 /* Project object */;
}
